// !$*UTF8*$!
{
	archiveVersion = 1;
	classes = {
	};
	objectVersion = 50;
	objects = {

/* Begin PBXBuildFile section */
		8600044312E7CB2F30517DE8 /* Pods_GalleryView.framework in Frameworks */ = {isa = PBXBuildFile; fileRef = 3B198771426A635C25C8826C /* Pods_GalleryView.framework */; };
		8EE68C7923D422920043741D /* AppDelegate.swift in Sources */ = {isa = PBXBuildFile; fileRef = 8EE68C7823D422920043741D /* AppDelegate.swift */; };
		8EE68C7B23D422920043741D /* GalleryViewController.swift in Sources */ = {isa = PBXBuildFile; fileRef = 8EE68C7A23D422920043741D /* GalleryViewController.swift */; };
		8EE68C7E23D422920043741D /* Main.storyboard in Resources */ = {isa = PBXBuildFile; fileRef = 8EE68C7C23D422920043741D /* Main.storyboard */; };
		8EE68C8023D422920043741D /* Assets.xcassets in Resources */ = {isa = PBXBuildFile; fileRef = 8EE68C7F23D422920043741D /* Assets.xcassets */; };
		8EE68C8323D422920043741D /* LaunchScreen.storyboard in Resources */ = {isa = PBXBuildFile; fileRef = 8EE68C8123D422920043741D /* LaunchScreen.storyboard */; };
		8EE68C8E23D422920043741D /* GalleryViewTests.swift in Sources */ = {isa = PBXBuildFile; fileRef = 8EE68C8D23D422920043741D /* GalleryViewTests.swift */; };
		8EE68C9923D422920043741D /* GalleryViewUITests.swift in Sources */ = {isa = PBXBuildFile; fileRef = 8EE68C9823D422920043741D /* GalleryViewUITests.swift */; };
		8EE68CAB23D4296F0043741D /* ImageCollectionViewCell.swift in Sources */ = {isa = PBXBuildFile; fileRef = 8EE68CA923D4296F0043741D /* ImageCollectionViewCell.swift */; };
		8EE68CAC23D4296F0043741D /* ImageCollectionViewCell.xib in Resources */ = {isa = PBXBuildFile; fileRef = 8EE68CAA23D4296F0043741D /* ImageCollectionViewCell.xib */; };
		8EE68CAF23D434F30043741D /* GalleryModel.swift in Sources */ = {isa = PBXBuildFile; fileRef = 8EE68CAE23D434F30043741D /* GalleryModel.swift */; };
		8EE68CB423D435E90043741D /* APIConstants.swift in Sources */ = {isa = PBXBuildFile; fileRef = 8EE68CB323D435E90043741D /* APIConstants.swift */; };
		8EE68CBD23D43C930043741D /* APIManager.swift in Sources */ = {isa = PBXBuildFile; fileRef = 8EE68CBC23D43C930043741D /* APIManager.swift */; };
		8EE68CC323D43D8C0043741D /* IResponseHandler.swift in Sources */ = {isa = PBXBuildFile; fileRef = 8EE68CC223D43D8C0043741D /* IResponseHandler.swift */; };
		8EE68CC523D43DA10043741D /* IDomainReachable.swift in Sources */ = {isa = PBXBuildFile; fileRef = 8EE68CC423D43DA10043741D /* IDomainReachable.swift */; };
		8EE68CC923D43E120043741D /* UIExtension.swift in Sources */ = {isa = PBXBuildFile; fileRef = 8EE68CC823D43E120043741D /* UIExtension.swift */; };
		8EE68CCD23D43F6D0043741D /* IGalleryUseCase.swift in Sources */ = {isa = PBXBuildFile; fileRef = 8EE68CCC23D43F6D0043741D /* IGalleryUseCase.swift */; };
		8EE68CD023D4402B0043741D /* APIRequestModel.swift in Sources */ = {isa = PBXBuildFile; fileRef = 8EE68CCF23D4402B0043741D /* APIRequestModel.swift */; };
		8EE68CD223D440490043741D /* APIResponseModel.swift in Sources */ = {isa = PBXBuildFile; fileRef = 8EE68CD123D440490043741D /* APIResponseModel.swift */; };
		8EE68CD423D4406C0043741D /* APIErrorInfo.swift in Sources */ = {isa = PBXBuildFile; fileRef = 8EE68CD323D4406C0043741D /* APIErrorInfo.swift */; };
		8EE68CD823D4636A0043741D /* GalleryPresentationModel.swift in Sources */ = {isa = PBXBuildFile; fileRef = 8EE68CD723D4636A0043741D /* GalleryPresentationModel.swift */; };
		8EE68CDD23D464410043741D /* GalleryUseCase.swift in Sources */ = {isa = PBXBuildFile; fileRef = 8EE68CDC23D464410043741D /* GalleryUseCase.swift */; };
		8EE68CDF23D46C290043741D /* GalleryInteractor.swift in Sources */ = {isa = PBXBuildFile; fileRef = 8EE68CDE23D46C290043741D /* GalleryInteractor.swift */; };
		8EE68CE123D46C500043741D /* GalleryPresenter.swift in Sources */ = {isa = PBXBuildFile; fileRef = 8EE68CE023D46C500043741D /* GalleryPresenter.swift */; };
		8EE68CE523D481550043741D /* DataCache.swift in Sources */ = {isa = PBXBuildFile; fileRef = 8EE68CE423D481550043741D /* DataCache.swift */; };
		8EE68CE723D4821F0043741D /* GCDHelper.swift in Sources */ = {isa = PBXBuildFile; fileRef = 8EE68CE623D4821F0043741D /* GCDHelper.swift */; };
		8EE68CEB23D483510043741D /* ImageDownloadManager.swift in Sources */ = {isa = PBXBuildFile; fileRef = 8EE68CEA23D483510043741D /* ImageDownloadManager.swift */; };
		8EE68CEE23D4838B0043741D /* ImageDownloadOperation.swift in Sources */ = {isa = PBXBuildFile; fileRef = 8EE68CED23D4838B0043741D /* ImageDownloadOperation.swift */; };
		8EE68CF023D4848F0043741D /* Result.swift in Sources */ = {isa = PBXBuildFile; fileRef = 8EE68CEF23D4848F0043741D /* Result.swift */; };
		8EE68CF223D48A780043741D /* GalleryUseCaseProvider.swift in Sources */ = {isa = PBXBuildFile; fileRef = 8EE68CF123D48A780043741D /* GalleryUseCaseProvider.swift */; };
		8EE68CF423D48AD90043741D /* IGalleryUseCaseProvider.swift in Sources */ = {isa = PBXBuildFile; fileRef = 8EE68CF323D48AD90043741D /* IGalleryUseCaseProvider.swift */; };
		8EE68CF823D4D3240043741D /* PhotoViewController.swift in Sources */ = {isa = PBXBuildFile; fileRef = 8EE68CF723D4D3240043741D /* PhotoViewController.swift */; };
		8FE1F8CE8ED234E9DA56EB43 /* Pods_GalleryViewTests.framework in Frameworks */ = {isa = PBXBuildFile; fileRef = AF206A5473DDDE02849E4EA4 /* Pods_GalleryViewTests.framework */; };
		92BB59CB6D5589F3F36E51CB /* Pods_GalleryViewUITests.framework in Frameworks */ = {isa = PBXBuildFile; fileRef = 5AF8AAA5FFABAF49DA6085BD /* Pods_GalleryViewUITests.framework */; };
/* End PBXBuildFile section */

/* Begin PBXContainerItemProxy section */
		8EE68C8A23D422920043741D /* PBXContainerItemProxy */ = {
			isa = PBXContainerItemProxy;
			containerPortal = 8EE68C6D23D422920043741D /* Project object */;
			proxyType = 1;
			remoteGlobalIDString = 8EE68C7423D422920043741D;
			remoteInfo = GalleryView;
		};
		8EE68C9523D422920043741D /* PBXContainerItemProxy */ = {
			isa = PBXContainerItemProxy;
			containerPortal = 8EE68C6D23D422920043741D /* Project object */;
			proxyType = 1;
			remoteGlobalIDString = 8EE68C7423D422920043741D;
			remoteInfo = GalleryView;
		};
/* End PBXContainerItemProxy section */

/* Begin PBXFileReference section */
		1F85867C4AF78E305F946EBE /* Pods-GalleryViewTests.release.xcconfig */ = {isa = PBXFileReference; includeInIndex = 1; lastKnownFileType = text.xcconfig; name = "Pods-GalleryViewTests.release.xcconfig"; path = "Target Support Files/Pods-GalleryViewTests/Pods-GalleryViewTests.release.xcconfig"; sourceTree = "<group>"; };
		302B6CC8247FEF2D09411146 /* Pods-GalleryView.debug.xcconfig */ = {isa = PBXFileReference; includeInIndex = 1; lastKnownFileType = text.xcconfig; name = "Pods-GalleryView.debug.xcconfig"; path = "Target Support Files/Pods-GalleryView/Pods-GalleryView.debug.xcconfig"; sourceTree = "<group>"; };
		3B198771426A635C25C8826C /* Pods_GalleryView.framework */ = {isa = PBXFileReference; explicitFileType = wrapper.framework; includeInIndex = 0; path = Pods_GalleryView.framework; sourceTree = BUILT_PRODUCTS_DIR; };
		5AF8AAA5FFABAF49DA6085BD /* Pods_GalleryViewUITests.framework */ = {isa = PBXFileReference; explicitFileType = wrapper.framework; includeInIndex = 0; path = Pods_GalleryViewUITests.framework; sourceTree = BUILT_PRODUCTS_DIR; };
		711463C62694FB947C790369 /* Pods-GalleryViewTests.debug.xcconfig */ = {isa = PBXFileReference; includeInIndex = 1; lastKnownFileType = text.xcconfig; name = "Pods-GalleryViewTests.debug.xcconfig"; path = "Target Support Files/Pods-GalleryViewTests/Pods-GalleryViewTests.debug.xcconfig"; sourceTree = "<group>"; };
		840DE4F61F9DDD68AF99EEB2 /* Pods-GalleryViewUITests.release.xcconfig */ = {isa = PBXFileReference; includeInIndex = 1; lastKnownFileType = text.xcconfig; name = "Pods-GalleryViewUITests.release.xcconfig"; path = "Target Support Files/Pods-GalleryViewUITests/Pods-GalleryViewUITests.release.xcconfig"; sourceTree = "<group>"; };
		8EE68C7523D422920043741D /* GalleryView.app */ = {isa = PBXFileReference; explicitFileType = wrapper.application; includeInIndex = 0; path = GalleryView.app; sourceTree = BUILT_PRODUCTS_DIR; };
		8EE68C7823D422920043741D /* AppDelegate.swift */ = {isa = PBXFileReference; lastKnownFileType = sourcecode.swift; path = AppDelegate.swift; sourceTree = "<group>"; };
		8EE68C7A23D422920043741D /* GalleryViewController.swift */ = {isa = PBXFileReference; lastKnownFileType = sourcecode.swift; path = GalleryViewController.swift; sourceTree = "<group>"; };
		8EE68C7D23D422920043741D /* Base */ = {isa = PBXFileReference; lastKnownFileType = file.storyboard; name = Base; path = Base.lproj/Main.storyboard; sourceTree = "<group>"; };
		8EE68C7F23D422920043741D /* Assets.xcassets */ = {isa = PBXFileReference; lastKnownFileType = folder.assetcatalog; path = Assets.xcassets; sourceTree = "<group>"; };
		8EE68C8223D422920043741D /* Base */ = {isa = PBXFileReference; lastKnownFileType = file.storyboard; name = Base; path = Base.lproj/LaunchScreen.storyboard; sourceTree = "<group>"; };
		8EE68C8423D422920043741D /* Info.plist */ = {isa = PBXFileReference; lastKnownFileType = text.plist.xml; path = Info.plist; sourceTree = "<group>"; };
		8EE68C8923D422920043741D /* GalleryViewTests.xctest */ = {isa = PBXFileReference; explicitFileType = wrapper.cfbundle; includeInIndex = 0; path = GalleryViewTests.xctest; sourceTree = BUILT_PRODUCTS_DIR; };
		8EE68C8D23D422920043741D /* GalleryViewTests.swift */ = {isa = PBXFileReference; lastKnownFileType = sourcecode.swift; path = GalleryViewTests.swift; sourceTree = "<group>"; };
		8EE68C8F23D422920043741D /* Info.plist */ = {isa = PBXFileReference; lastKnownFileType = text.plist.xml; path = Info.plist; sourceTree = "<group>"; };
		8EE68C9423D422920043741D /* GalleryViewUITests.xctest */ = {isa = PBXFileReference; explicitFileType = wrapper.cfbundle; includeInIndex = 0; path = GalleryViewUITests.xctest; sourceTree = BUILT_PRODUCTS_DIR; };
		8EE68C9823D422920043741D /* GalleryViewUITests.swift */ = {isa = PBXFileReference; lastKnownFileType = sourcecode.swift; path = GalleryViewUITests.swift; sourceTree = "<group>"; };
		8EE68C9A23D422920043741D /* Info.plist */ = {isa = PBXFileReference; lastKnownFileType = text.plist.xml; path = Info.plist; sourceTree = "<group>"; };
		8EE68CA923D4296F0043741D /* ImageCollectionViewCell.swift */ = {isa = PBXFileReference; lastKnownFileType = sourcecode.swift; path = ImageCollectionViewCell.swift; sourceTree = "<group>"; };
		8EE68CAA23D4296F0043741D /* ImageCollectionViewCell.xib */ = {isa = PBXFileReference; lastKnownFileType = file.xib; path = ImageCollectionViewCell.xib; sourceTree = "<group>"; };
		8EE68CAE23D434F30043741D /* GalleryModel.swift */ = {isa = PBXFileReference; lastKnownFileType = sourcecode.swift; path = GalleryModel.swift; sourceTree = "<group>"; };
		8EE68CB323D435E90043741D /* APIConstants.swift */ = {isa = PBXFileReference; lastKnownFileType = sourcecode.swift; path = APIConstants.swift; sourceTree = "<group>"; };
		8EE68CBC23D43C930043741D /* APIManager.swift */ = {isa = PBXFileReference; lastKnownFileType = sourcecode.swift; path = APIManager.swift; sourceTree = "<group>"; };
		8EE68CC223D43D8C0043741D /* IResponseHandler.swift */ = {isa = PBXFileReference; lastKnownFileType = sourcecode.swift; path = IResponseHandler.swift; sourceTree = "<group>"; };
		8EE68CC423D43DA10043741D /* IDomainReachable.swift */ = {isa = PBXFileReference; lastKnownFileType = sourcecode.swift; path = IDomainReachable.swift; sourceTree = "<group>"; };
		8EE68CC823D43E120043741D /* UIExtension.swift */ = {isa = PBXFileReference; lastKnownFileType = sourcecode.swift; path = UIExtension.swift; sourceTree = "<group>"; };
		8EE68CCC23D43F6D0043741D /* IGalleryUseCase.swift */ = {isa = PBXFileReference; lastKnownFileType = sourcecode.swift; path = IGalleryUseCase.swift; sourceTree = "<group>"; };
		8EE68CCF23D4402B0043741D /* APIRequestModel.swift */ = {isa = PBXFileReference; lastKnownFileType = sourcecode.swift; path = APIRequestModel.swift; sourceTree = "<group>"; };
		8EE68CD123D440490043741D /* APIResponseModel.swift */ = {isa = PBXFileReference; lastKnownFileType = sourcecode.swift; path = APIResponseModel.swift; sourceTree = "<group>"; };
		8EE68CD323D4406C0043741D /* APIErrorInfo.swift */ = {isa = PBXFileReference; lastKnownFileType = sourcecode.swift; path = APIErrorInfo.swift; sourceTree = "<group>"; };
		8EE68CD723D4636A0043741D /* GalleryPresentationModel.swift */ = {isa = PBXFileReference; lastKnownFileType = sourcecode.swift; path = GalleryPresentationModel.swift; sourceTree = "<group>"; };
		8EE68CDC23D464410043741D /* GalleryUseCase.swift */ = {isa = PBXFileReference; lastKnownFileType = sourcecode.swift; path = GalleryUseCase.swift; sourceTree = "<group>"; };
		8EE68CDE23D46C290043741D /* GalleryInteractor.swift */ = {isa = PBXFileReference; lastKnownFileType = sourcecode.swift; path = GalleryInteractor.swift; sourceTree = "<group>"; };
		8EE68CE023D46C500043741D /* GalleryPresenter.swift */ = {isa = PBXFileReference; lastKnownFileType = sourcecode.swift; path = GalleryPresenter.swift; sourceTree = "<group>"; };
		8EE68CE423D481550043741D /* DataCache.swift */ = {isa = PBXFileReference; lastKnownFileType = sourcecode.swift; path = DataCache.swift; sourceTree = "<group>"; };
		8EE68CE623D4821F0043741D /* GCDHelper.swift */ = {isa = PBXFileReference; lastKnownFileType = sourcecode.swift; path = GCDHelper.swift; sourceTree = "<group>"; };
		8EE68CEA23D483510043741D /* ImageDownloadManager.swift */ = {isa = PBXFileReference; lastKnownFileType = sourcecode.swift; path = ImageDownloadManager.swift; sourceTree = "<group>"; };
		8EE68CED23D4838B0043741D /* ImageDownloadOperation.swift */ = {isa = PBXFileReference; lastKnownFileType = sourcecode.swift; path = ImageDownloadOperation.swift; sourceTree = "<group>"; };
		8EE68CEF23D4848F0043741D /* Result.swift */ = {isa = PBXFileReference; lastKnownFileType = sourcecode.swift; path = Result.swift; sourceTree = "<group>"; };
		8EE68CF123D48A780043741D /* GalleryUseCaseProvider.swift */ = {isa = PBXFileReference; lastKnownFileType = sourcecode.swift; path = GalleryUseCaseProvider.swift; sourceTree = "<group>"; };
		8EE68CF323D48AD90043741D /* IGalleryUseCaseProvider.swift */ = {isa = PBXFileReference; lastKnownFileType = sourcecode.swift; path = IGalleryUseCaseProvider.swift; sourceTree = "<group>"; };
		8EE68CF723D4D3240043741D /* PhotoViewController.swift */ = {isa = PBXFileReference; lastKnownFileType = sourcecode.swift; path = PhotoViewController.swift; sourceTree = "<group>"; };
		96542A03AD0CAFD19F2943B4 /* Pods-GalleryViewUITests.debug.xcconfig */ = {isa = PBXFileReference; includeInIndex = 1; lastKnownFileType = text.xcconfig; name = "Pods-GalleryViewUITests.debug.xcconfig"; path = "Target Support Files/Pods-GalleryViewUITests/Pods-GalleryViewUITests.debug.xcconfig"; sourceTree = "<group>"; };
		AF206A5473DDDE02849E4EA4 /* Pods_GalleryViewTests.framework */ = {isa = PBXFileReference; explicitFileType = wrapper.framework; includeInIndex = 0; path = Pods_GalleryViewTests.framework; sourceTree = BUILT_PRODUCTS_DIR; };
		C86EEEAB590F94492C4504C8 /* Pods-GalleryView.release.xcconfig */ = {isa = PBXFileReference; includeInIndex = 1; lastKnownFileType = text.xcconfig; name = "Pods-GalleryView.release.xcconfig"; path = "Target Support Files/Pods-GalleryView/Pods-GalleryView.release.xcconfig"; sourceTree = "<group>"; };
/* End PBXFileReference section */

/* Begin PBXFrameworksBuildPhase section */
		8EE68C7223D422920043741D /* Frameworks */ = {
			isa = PBXFrameworksBuildPhase;
			buildActionMask = 2147483647;
			files = (
				8600044312E7CB2F30517DE8 /* Pods_GalleryView.framework in Frameworks */,
			);
			runOnlyForDeploymentPostprocessing = 0;
		};
		8EE68C8623D422920043741D /* Frameworks */ = {
			isa = PBXFrameworksBuildPhase;
			buildActionMask = 2147483647;
			files = (
				8FE1F8CE8ED234E9DA56EB43 /* Pods_GalleryViewTests.framework in Frameworks */,
			);
			runOnlyForDeploymentPostprocessing = 0;
		};
		8EE68C9123D422920043741D /* Frameworks */ = {
			isa = PBXFrameworksBuildPhase;
			buildActionMask = 2147483647;
			files = (
				92BB59CB6D5589F3F36E51CB /* Pods_GalleryViewUITests.framework in Frameworks */,
			);
			runOnlyForDeploymentPostprocessing = 0;
		};
/* End PBXFrameworksBuildPhase section */

/* Begin PBXGroup section */
		04F4B94A579A2FB1CF67FD2B /* Frameworks */ = {
			isa = PBXGroup;
			children = (
				3B198771426A635C25C8826C /* Pods_GalleryView.framework */,
				AF206A5473DDDE02849E4EA4 /* Pods_GalleryViewTests.framework */,
				5AF8AAA5FFABAF49DA6085BD /* Pods_GalleryViewUITests.framework */,
			);
			name = Frameworks;
			sourceTree = "<group>";
		};
		0D55D405B09758C192101353 /* Pods */ = {
			isa = PBXGroup;
			children = (
				302B6CC8247FEF2D09411146 /* Pods-GalleryView.debug.xcconfig */,
				C86EEEAB590F94492C4504C8 /* Pods-GalleryView.release.xcconfig */,
				711463C62694FB947C790369 /* Pods-GalleryViewTests.debug.xcconfig */,
				1F85867C4AF78E305F946EBE /* Pods-GalleryViewTests.release.xcconfig */,
				96542A03AD0CAFD19F2943B4 /* Pods-GalleryViewUITests.debug.xcconfig */,
				840DE4F61F9DDD68AF99EEB2 /* Pods-GalleryViewUITests.release.xcconfig */,
			);
			path = Pods;
			sourceTree = "<group>";
		};
		8EE68C6C23D422920043741D = {
			isa = PBXGroup;
			children = (
				8EE68CAD23D42B510043741D /* Entities */,
				8EE68CB723D43C220043741D /* Domain */,
				8EE68CB823D43C3A0043741D /* Platform */,
				8EE68CB923D43C460043741D /* Presentation */,
				8EE68C7723D422920043741D /* GalleryView */,
				8EE68C8C23D422920043741D /* GalleryViewTests */,
				8EE68C9723D422920043741D /* GalleryViewUITests */,
				8EE68C7623D422920043741D /* Products */,
				0D55D405B09758C192101353 /* Pods */,
				04F4B94A579A2FB1CF67FD2B /* Frameworks */,
			);
			sourceTree = "<group>";
		};
		8EE68C7623D422920043741D /* Products */ = {
			isa = PBXGroup;
			children = (
				8EE68C7523D422920043741D /* GalleryView.app */,
				8EE68C8923D422920043741D /* GalleryViewTests.xctest */,
				8EE68C9423D422920043741D /* GalleryViewUITests.xctest */,
			);
			name = Products;
			sourceTree = "<group>";
		};
		8EE68C7723D422920043741D /* GalleryView */ = {
			isa = PBXGroup;
			children = (
				8EE68C7823D422920043741D /* AppDelegate.swift */,
				8EE68C7C23D422920043741D /* Main.storyboard */,
				8EE68C7F23D422920043741D /* Assets.xcassets */,
				8EE68C8123D422920043741D /* LaunchScreen.storyboard */,
				8EE68C8423D422920043741D /* Info.plist */,
			);
			path = GalleryView;
			sourceTree = "<group>";
		};
		8EE68C8C23D422920043741D /* GalleryViewTests */ = {
			isa = PBXGroup;
			children = (
				8EE68C8D23D422920043741D /* GalleryViewTests.swift */,
				8EE68C8F23D422920043741D /* Info.plist */,
			);
			path = GalleryViewTests;
			sourceTree = "<group>";
		};
		8EE68C9723D422920043741D /* GalleryViewUITests */ = {
			isa = PBXGroup;
			children = (
				8EE68C9823D422920043741D /* GalleryViewUITests.swift */,
				8EE68C9A23D422920043741D /* Info.plist */,
			);
			path = GalleryViewUITests;
			sourceTree = "<group>";
		};
		8EE68CA823D429500043741D /* Cell */ = {
			isa = PBXGroup;
			children = (
				8EE68CA923D4296F0043741D /* ImageCollectionViewCell.swift */,
				8EE68CAA23D4296F0043741D /* ImageCollectionViewCell.xib */,
			);
			path = Cell;
			sourceTree = "<group>";
		};
		8EE68CAD23D42B510043741D /* Entities */ = {
			isa = PBXGroup;
			children = (
				8EE68CCE23D440170043741D /* API */,
				8EE68CF523D4CED40043741D /* Scenes */,
			);
			path = Entities;
			sourceTree = "<group>";
		};
		8EE68CB723D43C220043741D /* Domain */ = {
			isa = PBXGroup;
			children = (
				8EE68CBE23D43D3D0043741D /* UseCase */,
				8EE68CBF23D43D470043741D /* API */,
			);
			path = Domain;
			sourceTree = "<group>";
		};
		8EE68CB823D43C3A0043741D /* Platform */ = {
			isa = PBXGroup;
			children = (
				8EE68CBB23D43C740043741D /* API */,
				8EE68CD923D463F60043741D /* UseCaseImplementation */,
			);
			path = Platform;
			sourceTree = "<group>";
		};
		8EE68CB923D43C460043741D /* Presentation */ = {
			isa = PBXGroup;
			children = (
				8EE68CC623D43DF80043741D /* Common */,
				8EE68CE823D4827C0043741D /* Utitlity */,
				8EE68CE223D481330043741D /* Module */,
			);
			path = Presentation;
			sourceTree = "<group>";
		};
		8EE68CBB23D43C740043741D /* API */ = {
			isa = PBXGroup;
			children = (
				8EE68CBC23D43C930043741D /* APIManager.swift */,
				8EE68CB323D435E90043741D /* APIConstants.swift */,
			);
			path = API;
			sourceTree = "<group>";
		};
		8EE68CBE23D43D3D0043741D /* UseCase */ = {
			isa = PBXGroup;
			children = (
				8EE68CCB23D43F4D0043741D /* Scenes */,
			);
			path = UseCase;
			sourceTree = "<group>";
		};
		8EE68CBF23D43D470043741D /* API */ = {
			isa = PBXGroup;
			children = (
				8EE68CC223D43D8C0043741D /* IResponseHandler.swift */,
				8EE68CC423D43DA10043741D /* IDomainReachable.swift */,
			);
			path = API;
			sourceTree = "<group>";
		};
		8EE68CC623D43DF80043741D /* Common */ = {
			isa = PBXGroup;
			children = (
				8EE68CC823D43E120043741D /* UIExtension.swift */,
				8EE68CE623D4821F0043741D /* GCDHelper.swift */,
			);
			path = Common;
			sourceTree = "<group>";
		};
		8EE68CCA23D43F360043741D /* Gallery */ = {
			isa = PBXGroup;
			children = (
				8EE68CCC23D43F6D0043741D /* IGalleryUseCase.swift */,
				8EE68CF323D48AD90043741D /* IGalleryUseCaseProvider.swift */,
			);
			path = Gallery;
			sourceTree = "<group>";
		};
		8EE68CCB23D43F4D0043741D /* Scenes */ = {
			isa = PBXGroup;
			children = (
				8EE68CCA23D43F360043741D /* Gallery */,
			);
			path = Scenes;
			sourceTree = "<group>";
		};
		8EE68CCE23D440170043741D /* API */ = {
			isa = PBXGroup;
			children = (
				8EE68CCF23D4402B0043741D /* APIRequestModel.swift */,
				8EE68CD123D440490043741D /* APIResponseModel.swift */,
				8EE68CD323D4406C0043741D /* APIErrorInfo.swift */,
			);
			path = API;
			sourceTree = "<group>";
		};
		8EE68CD523D4634F0043741D /* Scenes */ = {
			isa = PBXGroup;
			children = (
				8EE68CD623D463590043741D /* Gallery */,
				8EE68CF923D4D32C0043741D /* Photo */,
			);
			path = Scenes;
			sourceTree = "<group>";
		};
		8EE68CD623D463590043741D /* Gallery */ = {
			isa = PBXGroup;
			children = (
				8EE68CA823D429500043741D /* Cell */,
				8EE68CD723D4636A0043741D /* GalleryPresentationModel.swift */,
				8EE68CDE23D46C290043741D /* GalleryInteractor.swift */,
				8EE68CE023D46C500043741D /* GalleryPresenter.swift */,
				8EE68C7A23D422920043741D /* GalleryViewController.swift */,
			);
			path = Gallery;
			sourceTree = "<group>";
		};
		8EE68CD923D463F60043741D /* UseCaseImplementation */ = {
			isa = PBXGroup;
			children = (
				8EE68CDA23D4641E0043741D /* Scenes */,
			);
			path = UseCaseImplementation;
			sourceTree = "<group>";
		};
		8EE68CDA23D4641E0043741D /* Scenes */ = {
			isa = PBXGroup;
			children = (
				8EE68CDB23D464250043741D /* Gallery */,
			);
			path = Scenes;
			sourceTree = "<group>";
		};
		8EE68CDB23D464250043741D /* Gallery */ = {
			isa = PBXGroup;
			children = (
				8EE68CDC23D464410043741D /* GalleryUseCase.swift */,
				8EE68CF123D48A780043741D /* GalleryUseCaseProvider.swift */,
			);
			path = Gallery;
			sourceTree = "<group>";
		};
		8EE68CE223D481330043741D /* Module */ = {
			isa = PBXGroup;
			children = (
				8EE68CD523D4634F0043741D /* Scenes */,
			);
			path = Module;
			sourceTree = "<group>";
		};
		8EE68CE323D481410043741D /* DataCache */ = {
			isa = PBXGroup;
			children = (
				8EE68CE423D481550043741D /* DataCache.swift */,
			);
			path = DataCache;
			sourceTree = "<group>";
		};
		8EE68CE823D4827C0043741D /* Utitlity */ = {
			isa = PBXGroup;
			children = (
				8EE68CE323D481410043741D /* DataCache */,
				8EE68CE923D483430043741D /* ImageDowloader */,
			);
			path = Utitlity;
			sourceTree = "<group>";
		};
		8EE68CE923D483430043741D /* ImageDowloader */ = {
			isa = PBXGroup;
			children = (
				8EE68CEA23D483510043741D /* ImageDownloadManager.swift */,
				8EE68CED23D4838B0043741D /* ImageDownloadOperation.swift */,
				8EE68CEF23D4848F0043741D /* Result.swift */,
			);
			path = ImageDowloader;
			sourceTree = "<group>";
		};
		8EE68CF523D4CED40043741D /* Scenes */ = {
			isa = PBXGroup;
			children = (
				8EE68CF623D4CEDF0043741D /* Gallery */,
			);
			path = Scenes;
			sourceTree = "<group>";
		};
		8EE68CF623D4CEDF0043741D /* Gallery */ = {
			isa = PBXGroup;
			children = (
				8EE68CAE23D434F30043741D /* GalleryModel.swift */,
			);
			path = Gallery;
			sourceTree = "<group>";
		};
		8EE68CF923D4D32C0043741D /* Photo */ = {
			isa = PBXGroup;
			children = (
				8EE68CF723D4D3240043741D /* PhotoViewController.swift */,
			);
			path = Photo;
			sourceTree = "<group>";
		};
/* End PBXGroup section */

/* Begin PBXNativeTarget section */
		8EE68C7423D422920043741D /* GalleryView */ = {
			isa = PBXNativeTarget;
			buildConfigurationList = 8EE68C9D23D422920043741D /* Build configuration list for PBXNativeTarget "GalleryView" */;
			buildPhases = (
				8784CA60DE08ECF5B225290A /* [CP] Check Pods Manifest.lock */,
				8EE68C7123D422920043741D /* Sources */,
				8EE68C7223D422920043741D /* Frameworks */,
				8EE68C7323D422920043741D /* Resources */,
				EB2E6C03C1CB27125CE40506 /* [CP] Embed Pods Frameworks */,
			);
			buildRules = (
			);
			dependencies = (
			);
			name = GalleryView;
			productName = GalleryView;
			productReference = 8EE68C7523D422920043741D /* GalleryView.app */;
			productType = "com.apple.product-type.application";
		};
		8EE68C8823D422920043741D /* GalleryViewTests */ = {
			isa = PBXNativeTarget;
			buildConfigurationList = 8EE68CA023D422920043741D /* Build configuration list for PBXNativeTarget "GalleryViewTests" */;
			buildPhases = (
				C28A71BD598C95DB8C7DBCC2 /* [CP] Check Pods Manifest.lock */,
				8EE68C8523D422920043741D /* Sources */,
				8EE68C8623D422920043741D /* Frameworks */,
				8EE68C8723D422920043741D /* Resources */,
			);
			buildRules = (
			);
			dependencies = (
				8EE68C8B23D422920043741D /* PBXTargetDependency */,
			);
			name = GalleryViewTests;
			productName = GalleryViewTests;
			productReference = 8EE68C8923D422920043741D /* GalleryViewTests.xctest */;
			productType = "com.apple.product-type.bundle.unit-test";
		};
		8EE68C9323D422920043741D /* GalleryViewUITests */ = {
			isa = PBXNativeTarget;
			buildConfigurationList = 8EE68CA323D422920043741D /* Build configuration list for PBXNativeTarget "GalleryViewUITests" */;
			buildPhases = (
				ECD260D11B36DEEF15F4300E /* [CP] Check Pods Manifest.lock */,
				8EE68C9023D422920043741D /* Sources */,
				8EE68C9123D422920043741D /* Frameworks */,
				8EE68C9223D422920043741D /* Resources */,
			);
			buildRules = (
			);
			dependencies = (
				8EE68C9623D422920043741D /* PBXTargetDependency */,
			);
			name = GalleryViewUITests;
			productName = GalleryViewUITests;
			productReference = 8EE68C9423D422920043741D /* GalleryViewUITests.xctest */;
			productType = "com.apple.product-type.bundle.ui-testing";
		};
/* End PBXNativeTarget section */

/* Begin PBXProject section */
		8EE68C6D23D422920043741D /* Project object */ = {
			isa = PBXProject;
			attributes = {
				LastSwiftUpdateCheck = 1020;
				LastUpgradeCheck = 1020;
				ORGANIZATIONNAME = "Jaiswal, Akash";
				TargetAttributes = {
					8EE68C7423D422920043741D = {
						CreatedOnToolsVersion = 10.2;
					};
					8EE68C8823D422920043741D = {
						CreatedOnToolsVersion = 10.2;
						TestTargetID = 8EE68C7423D422920043741D;
					};
					8EE68C9323D422920043741D = {
						CreatedOnToolsVersion = 10.2;
						TestTargetID = 8EE68C7423D422920043741D;
					};
				};
			};
			buildConfigurationList = 8EE68C7023D422920043741D /* Build configuration list for PBXProject "GalleryView" */;
			compatibilityVersion = "Xcode 9.3";
			developmentRegion = en;
			hasScannedForEncodings = 0;
			knownRegions = (
				en,
				Base,
			);
			mainGroup = 8EE68C6C23D422920043741D;
			productRefGroup = 8EE68C7623D422920043741D /* Products */;
			projectDirPath = "";
			projectRoot = "";
			targets = (
				8EE68C7423D422920043741D /* GalleryView */,
				8EE68C8823D422920043741D /* GalleryViewTests */,
				8EE68C9323D422920043741D /* GalleryViewUITests */,
			);
		};
/* End PBXProject section */

/* Begin PBXResourcesBuildPhase section */
		8EE68C7323D422920043741D /* Resources */ = {
			isa = PBXResourcesBuildPhase;
			buildActionMask = 2147483647;
			files = (
				8EE68C8323D422920043741D /* LaunchScreen.storyboard in Resources */,
				8EE68C8023D422920043741D /* Assets.xcassets in Resources */,
				8EE68CAC23D4296F0043741D /* ImageCollectionViewCell.xib in Resources */,
				8EE68C7E23D422920043741D /* Main.storyboard in Resources */,
			);
			runOnlyForDeploymentPostprocessing = 0;
		};
		8EE68C8723D422920043741D /* Resources */ = {
			isa = PBXResourcesBuildPhase;
			buildActionMask = 2147483647;
			files = (
			);
			runOnlyForDeploymentPostprocessing = 0;
		};
		8EE68C9223D422920043741D /* Resources */ = {
			isa = PBXResourcesBuildPhase;
			buildActionMask = 2147483647;
			files = (
			);
			runOnlyForDeploymentPostprocessing = 0;
		};
/* End PBXResourcesBuildPhase section */

/* Begin PBXShellScriptBuildPhase section */
		8784CA60DE08ECF5B225290A /* [CP] Check Pods Manifest.lock */ = {
			isa = PBXShellScriptBuildPhase;
			buildActionMask = 2147483647;
			files = (
			);
			inputFileListPaths = (
			);
			inputPaths = (
				"${PODS_PODFILE_DIR_PATH}/Podfile.lock",
				"${PODS_ROOT}/Manifest.lock",
			);
			name = "[CP] Check Pods Manifest.lock";
			outputFileListPaths = (
			);
			outputPaths = (
				"$(DERIVED_FILE_DIR)/Pods-GalleryView-checkManifestLockResult.txt",
			);
			runOnlyForDeploymentPostprocessing = 0;
			shellPath = /bin/sh;
			shellScript = "diff \"${PODS_PODFILE_DIR_PATH}/Podfile.lock\" \"${PODS_ROOT}/Manifest.lock\" > /dev/null\nif [ $? != 0 ] ; then\n    # print error to STDERR\n    echo \"error: The sandbox is not in sync with the Podfile.lock. Run 'pod install' or update your CocoaPods installation.\" >&2\n    exit 1\nfi\n# This output is used by Xcode 'outputs' to avoid re-running this script phase.\necho \"SUCCESS\" > \"${SCRIPT_OUTPUT_FILE_0}\"\n";
			showEnvVarsInLog = 0;
		};
		C28A71BD598C95DB8C7DBCC2 /* [CP] Check Pods Manifest.lock */ = {
			isa = PBXShellScriptBuildPhase;
			buildActionMask = 2147483647;
			files = (
			);
			inputFileListPaths = (
			);
			inputPaths = (
				"${PODS_PODFILE_DIR_PATH}/Podfile.lock",
				"${PODS_ROOT}/Manifest.lock",
			);
			name = "[CP] Check Pods Manifest.lock";
			outputFileListPaths = (
			);
			outputPaths = (
				"$(DERIVED_FILE_DIR)/Pods-GalleryViewTests-checkManifestLockResult.txt",
			);
			runOnlyForDeploymentPostprocessing = 0;
			shellPath = /bin/sh;
			shellScript = "diff \"${PODS_PODFILE_DIR_PATH}/Podfile.lock\" \"${PODS_ROOT}/Manifest.lock\" > /dev/null\nif [ $? != 0 ] ; then\n    # print error to STDERR\n    echo \"error: The sandbox is not in sync with the Podfile.lock. Run 'pod install' or update your CocoaPods installation.\" >&2\n    exit 1\nfi\n# This output is used by Xcode 'outputs' to avoid re-running this script phase.\necho \"SUCCESS\" > \"${SCRIPT_OUTPUT_FILE_0}\"\n";
			showEnvVarsInLog = 0;
		};
		EB2E6C03C1CB27125CE40506 /* [CP] Embed Pods Frameworks */ = {
			isa = PBXShellScriptBuildPhase;
			buildActionMask = 2147483647;
			files = (
			);
			inputFileListPaths = (
			);
			inputPaths = (
				"${PODS_ROOT}/Target Support Files/Pods-GalleryView/Pods-GalleryView-frameworks.sh",
				"${BUILT_PRODUCTS_DIR}/Alamofire/Alamofire.framework",
				"${BUILT_PRODUCTS_DIR}/MBProgressHUD/MBProgressHUD.framework",
				"${BUILT_PRODUCTS_DIR}/SDWebImage/SDWebImage.framework",
			);
			name = "[CP] Embed Pods Frameworks";
			outputFileListPaths = (
			);
			outputPaths = (
				"${TARGET_BUILD_DIR}/${FRAMEWORKS_FOLDER_PATH}/Alamofire.framework",
				"${TARGET_BUILD_DIR}/${FRAMEWORKS_FOLDER_PATH}/MBProgressHUD.framework",
				"${TARGET_BUILD_DIR}/${FRAMEWORKS_FOLDER_PATH}/SDWebImage.framework",
			);
			runOnlyForDeploymentPostprocessing = 0;
			shellPath = /bin/sh;
			shellScript = "\"${PODS_ROOT}/Target Support Files/Pods-GalleryView/Pods-GalleryView-frameworks.sh\"\n";
			showEnvVarsInLog = 0;
		};
		ECD260D11B36DEEF15F4300E /* [CP] Check Pods Manifest.lock */ = {
			isa = PBXShellScriptBuildPhase;
			buildActionMask = 2147483647;
			files = (
			);
			inputFileListPaths = (
			);
			inputPaths = (
				"${PODS_PODFILE_DIR_PATH}/Podfile.lock",
				"${PODS_ROOT}/Manifest.lock",
			);
			name = "[CP] Check Pods Manifest.lock";
			outputFileListPaths = (
			);
			outputPaths = (
				"$(DERIVED_FILE_DIR)/Pods-GalleryViewUITests-checkManifestLockResult.txt",
			);
			runOnlyForDeploymentPostprocessing = 0;
			shellPath = /bin/sh;
			shellScript = "diff \"${PODS_PODFILE_DIR_PATH}/Podfile.lock\" \"${PODS_ROOT}/Manifest.lock\" > /dev/null\nif [ $? != 0 ] ; then\n    # print error to STDERR\n    echo \"error: The sandbox is not in sync with the Podfile.lock. Run 'pod install' or update your CocoaPods installation.\" >&2\n    exit 1\nfi\n# This output is used by Xcode 'outputs' to avoid re-running this script phase.\necho \"SUCCESS\" > \"${SCRIPT_OUTPUT_FILE_0}\"\n";
			showEnvVarsInLog = 0;
		};
/* End PBXShellScriptBuildPhase section */

/* Begin PBXSourcesBuildPhase section */
		8EE68C7123D422920043741D /* Sources */ = {
			isa = PBXSourcesBuildPhase;
			buildActionMask = 2147483647;
			files = (
				8EE68CC523D43DA10043741D /* IDomainReachable.swift in Sources */,
				8EE68CF423D48AD90043741D /* IGalleryUseCaseProvider.swift in Sources */,
				8EE68CCD23D43F6D0043741D /* IGalleryUseCase.swift in Sources */,
				8EE68CB423D435E90043741D /* APIConstants.swift in Sources */,
				8EE68CDD23D464410043741D /* GalleryUseCase.swift in Sources */,
				8EE68CDF23D46C290043741D /* GalleryInteractor.swift in Sources */,
				8EE68CF023D4848F0043741D /* Result.swift in Sources */,
				8EE68CAF23D434F30043741D /* GalleryModel.swift in Sources */,
				8EE68CAB23D4296F0043741D /* ImageCollectionViewCell.swift in Sources */,
				8EE68C7B23D422920043741D /* GalleryViewController.swift in Sources */,
				8EE68CBD23D43C930043741D /* APIManager.swift in Sources */,
				8EE68CC323D43D8C0043741D /* IResponseHandler.swift in Sources */,
				8EE68CD023D4402B0043741D /* APIRequestModel.swift in Sources */,
				8EE68CEB23D483510043741D /* ImageDownloadManager.swift in Sources */,
				8EE68CE723D4821F0043741D /* GCDHelper.swift in Sources */,
				8EE68CC923D43E120043741D /* UIExtension.swift in Sources */,
				8EE68CD823D4636A0043741D /* GalleryPresentationModel.swift in Sources */,
				8EE68CEE23D4838B0043741D /* ImageDownloadOperation.swift in Sources */,
				8EE68CD423D4406C0043741D /* APIErrorInfo.swift in Sources */,
				8EE68CE523D481550043741D /* DataCache.swift in Sources */,
				8EE68CD223D440490043741D /* APIResponseModel.swift in Sources */,
				8EE68C7923D422920043741D /* AppDelegate.swift in Sources */,
				8EE68CE123D46C500043741D /* GalleryPresenter.swift in Sources */,
				8EE68CF223D48A780043741D /* GalleryUseCaseProvider.swift in Sources */,
				8EE68CF823D4D3240043741D /* PhotoViewController.swift in Sources */,
			);
			runOnlyForDeploymentPostprocessing = 0;
		};
		8EE68C8523D422920043741D /* Sources */ = {
			isa = PBXSourcesBuildPhase;
			buildActionMask = 2147483647;
			files = (
				8EE68C8E23D422920043741D /* GalleryViewTests.swift in Sources */,
			);
			runOnlyForDeploymentPostprocessing = 0;
		};
		8EE68C9023D422920043741D /* Sources */ = {
			isa = PBXSourcesBuildPhase;
			buildActionMask = 2147483647;
			files = (
				8EE68C9923D422920043741D /* GalleryViewUITests.swift in Sources */,
			);
			runOnlyForDeploymentPostprocessing = 0;
		};
/* End PBXSourcesBuildPhase section */

/* Begin PBXTargetDependency section */
		8EE68C8B23D422920043741D /* PBXTargetDependency */ = {
			isa = PBXTargetDependency;
			target = 8EE68C7423D422920043741D /* GalleryView */;
			targetProxy = 8EE68C8A23D422920043741D /* PBXContainerItemProxy */;
		};
		8EE68C9623D422920043741D /* PBXTargetDependency */ = {
			isa = PBXTargetDependency;
			target = 8EE68C7423D422920043741D /* GalleryView */;
			targetProxy = 8EE68C9523D422920043741D /* PBXContainerItemProxy */;
		};
/* End PBXTargetDependency section */

/* Begin PBXVariantGroup section */
		8EE68C7C23D422920043741D /* Main.storyboard */ = {
			isa = PBXVariantGroup;
			children = (
				8EE68C7D23D422920043741D /* Base */,
			);
			name = Main.storyboard;
			sourceTree = "<group>";
		};
		8EE68C8123D422920043741D /* LaunchScreen.storyboard */ = {
			isa = PBXVariantGroup;
			children = (
				8EE68C8223D422920043741D /* Base */,
			);
			name = LaunchScreen.storyboard;
			sourceTree = "<group>";
		};
/* End PBXVariantGroup section */

/* Begin XCBuildConfiguration section */
		8EE68C9B23D422920043741D /* Debug */ = {
			isa = XCBuildConfiguration;
			buildSettings = {
				ALWAYS_SEARCH_USER_PATHS = NO;
				CLANG_ANALYZER_NONNULL = YES;
				CLANG_ANALYZER_NUMBER_OBJECT_CONVERSION = YES_AGGRESSIVE;
				CLANG_CXX_LANGUAGE_STANDARD = "gnu++14";
				CLANG_CXX_LIBRARY = "libc++";
				CLANG_ENABLE_MODULES = YES;
				CLANG_ENABLE_OBJC_ARC = YES;
				CLANG_ENABLE_OBJC_WEAK = YES;
				CLANG_WARN_BLOCK_CAPTURE_AUTORELEASING = YES;
				CLANG_WARN_BOOL_CONVERSION = YES;
				CLANG_WARN_COMMA = YES;
				CLANG_WARN_CONSTANT_CONVERSION = YES;
				CLANG_WARN_DEPRECATED_OBJC_IMPLEMENTATIONS = YES;
				CLANG_WARN_DIRECT_OBJC_ISA_USAGE = YES_ERROR;
				CLANG_WARN_DOCUMENTATION_COMMENTS = YES;
				CLANG_WARN_EMPTY_BODY = YES;
				CLANG_WARN_ENUM_CONVERSION = YES;
				CLANG_WARN_INFINITE_RECURSION = YES;
				CLANG_WARN_INT_CONVERSION = YES;
				CLANG_WARN_NON_LITERAL_NULL_CONVERSION = YES;
				CLANG_WARN_OBJC_IMPLICIT_RETAIN_SELF = YES;
				CLANG_WARN_OBJC_LITERAL_CONVERSION = YES;
				CLANG_WARN_OBJC_ROOT_CLASS = YES_ERROR;
				CLANG_WARN_RANGE_LOOP_ANALYSIS = YES;
				CLANG_WARN_STRICT_PROTOTYPES = YES;
				CLANG_WARN_SUSPICIOUS_MOVE = YES;
				CLANG_WARN_UNGUARDED_AVAILABILITY = YES_AGGRESSIVE;
				CLANG_WARN_UNREACHABLE_CODE = YES;
				CLANG_WARN__DUPLICATE_METHOD_MATCH = YES;
				CODE_SIGN_IDENTITY = "iPhone Developer";
				COPY_PHASE_STRIP = NO;
				DEBUG_INFORMATION_FORMAT = dwarf;
				ENABLE_STRICT_OBJC_MSGSEND = YES;
				ENABLE_TESTABILITY = YES;
				GCC_C_LANGUAGE_STANDARD = gnu11;
				GCC_DYNAMIC_NO_PIC = NO;
				GCC_NO_COMMON_BLOCKS = YES;
				GCC_OPTIMIZATION_LEVEL = 0;
				GCC_PREPROCESSOR_DEFINITIONS = (
					"DEBUG=1",
					"$(inherited)",
				);
				GCC_WARN_64_TO_32_BIT_CONVERSION = YES;
				GCC_WARN_ABOUT_RETURN_TYPE = YES_ERROR;
				GCC_WARN_UNDECLARED_SELECTOR = YES;
				GCC_WARN_UNINITIALIZED_AUTOS = YES_AGGRESSIVE;
				GCC_WARN_UNUSED_FUNCTION = YES;
				GCC_WARN_UNUSED_VARIABLE = YES;
				IPHONEOS_DEPLOYMENT_TARGET = 12.2;
				MTL_ENABLE_DEBUG_INFO = INCLUDE_SOURCE;
				MTL_FAST_MATH = YES;
				ONLY_ACTIVE_ARCH = YES;
				SDKROOT = iphoneos;
				SWIFT_ACTIVE_COMPILATION_CONDITIONS = DEBUG;
				SWIFT_OPTIMIZATION_LEVEL = "-Onone";
			};
			name = Debug;
		};
		8EE68C9C23D422920043741D /* Release */ = {
			isa = XCBuildConfiguration;
			buildSettings = {
				ALWAYS_SEARCH_USER_PATHS = NO;
				CLANG_ANALYZER_NONNULL = YES;
				CLANG_ANALYZER_NUMBER_OBJECT_CONVERSION = YES_AGGRESSIVE;
				CLANG_CXX_LANGUAGE_STANDARD = "gnu++14";
				CLANG_CXX_LIBRARY = "libc++";
				CLANG_ENABLE_MODULES = YES;
				CLANG_ENABLE_OBJC_ARC = YES;
				CLANG_ENABLE_OBJC_WEAK = YES;
				CLANG_WARN_BLOCK_CAPTURE_AUTORELEASING = YES;
				CLANG_WARN_BOOL_CONVERSION = YES;
				CLANG_WARN_COMMA = YES;
				CLANG_WARN_CONSTANT_CONVERSION = YES;
				CLANG_WARN_DEPRECATED_OBJC_IMPLEMENTATIONS = YES;
				CLANG_WARN_DIRECT_OBJC_ISA_USAGE = YES_ERROR;
				CLANG_WARN_DOCUMENTATION_COMMENTS = YES;
				CLANG_WARN_EMPTY_BODY = YES;
				CLANG_WARN_ENUM_CONVERSION = YES;
				CLANG_WARN_INFINITE_RECURSION = YES;
				CLANG_WARN_INT_CONVERSION = YES;
				CLANG_WARN_NON_LITERAL_NULL_CONVERSION = YES;
				CLANG_WARN_OBJC_IMPLICIT_RETAIN_SELF = YES;
				CLANG_WARN_OBJC_LITERAL_CONVERSION = YES;
				CLANG_WARN_OBJC_ROOT_CLASS = YES_ERROR;
				CLANG_WARN_RANGE_LOOP_ANALYSIS = YES;
				CLANG_WARN_STRICT_PROTOTYPES = YES;
				CLANG_WARN_SUSPICIOUS_MOVE = YES;
				CLANG_WARN_UNGUARDED_AVAILABILITY = YES_AGGRESSIVE;
				CLANG_WARN_UNREACHABLE_CODE = YES;
				CLANG_WARN__DUPLICATE_METHOD_MATCH = YES;
				CODE_SIGN_IDENTITY = "iPhone Developer";
				COPY_PHASE_STRIP = NO;
				DEBUG_INFORMATION_FORMAT = "dwarf-with-dsym";
				ENABLE_NS_ASSERTIONS = NO;
				ENABLE_STRICT_OBJC_MSGSEND = YES;
				GCC_C_LANGUAGE_STANDARD = gnu11;
				GCC_NO_COMMON_BLOCKS = YES;
				GCC_WARN_64_TO_32_BIT_CONVERSION = YES;
				GCC_WARN_ABOUT_RETURN_TYPE = YES_ERROR;
				GCC_WARN_UNDECLARED_SELECTOR = YES;
				GCC_WARN_UNINITIALIZED_AUTOS = YES_AGGRESSIVE;
				GCC_WARN_UNUSED_FUNCTION = YES;
				GCC_WARN_UNUSED_VARIABLE = YES;
				IPHONEOS_DEPLOYMENT_TARGET = 12.2;
				MTL_ENABLE_DEBUG_INFO = NO;
				MTL_FAST_MATH = YES;
				SDKROOT = iphoneos;
				SWIFT_COMPILATION_MODE = wholemodule;
				SWIFT_OPTIMIZATION_LEVEL = "-O";
				VALIDATE_PRODUCT = YES;
			};
			name = Release;
		};
		8EE68C9E23D422920043741D /* Debug */ = {
			isa = XCBuildConfiguration;
			baseConfigurationReference = 302B6CC8247FEF2D09411146 /* Pods-GalleryView.debug.xcconfig */;
			buildSettings = {
				ASSETCATALOG_COMPILER_APPICON_NAME = AppIcon;
				CODE_SIGN_STYLE = Automatic;
				INFOPLIST_FILE = GalleryView/Info.plist;
				IPHONEOS_DEPLOYMENT_TARGET = 10.0;
				LD_RUNPATH_SEARCH_PATHS = (
					"$(inherited)",
					"@executable_path/Frameworks",
				);
				PRODUCT_BUNDLE_IDENTIFIER = Akash.GalleryView;
				PRODUCT_NAME = "$(TARGET_NAME)";
				SWIFT_VERSION = 5.0;
				TARGETED_DEVICE_FAMILY = "1,2";
			};
			name = Debug;
		};
		8EE68C9F23D422920043741D /* Release */ = {
			isa = XCBuildConfiguration;
			baseConfigurationReference = C86EEEAB590F94492C4504C8 /* Pods-GalleryView.release.xcconfig */;
			buildSettings = {
				ASSETCATALOG_COMPILER_APPICON_NAME = AppIcon;
				CODE_SIGN_STYLE = Automatic;
				INFOPLIST_FILE = GalleryView/Info.plist;
				IPHONEOS_DEPLOYMENT_TARGET = 10.0;
				LD_RUNPATH_SEARCH_PATHS = (
					"$(inherited)",
					"@executable_path/Frameworks",
				);
				PRODUCT_BUNDLE_IDENTIFIER = Akash.GalleryView;
				PRODUCT_NAME = "$(TARGET_NAME)";
				SWIFT_VERSION = 5.0;
				TARGETED_DEVICE_FAMILY = "1,2";
			};
			name = Release;
		};
		8EE68CA123D422920043741D /* Debug */ = {
			isa = XCBuildConfiguration;
			baseConfigurationReference = 711463C62694FB947C790369 /* Pods-GalleryViewTests.debug.xcconfig */;
			buildSettings = {
				ALWAYS_EMBED_SWIFT_STANDARD_LIBRARIES = YES;
				BUNDLE_LOADER = "$(TEST_HOST)";
				CODE_SIGN_STYLE = Automatic;
				INFOPLIST_FILE = GalleryViewTests/Info.plist;
				LD_RUNPATH_SEARCH_PATHS = (
					"$(inherited)",
					"@executable_path/Frameworks",
					"@loader_path/Frameworks",
				);
				PRODUCT_BUNDLE_IDENTIFIER = Akash.GalleryViewTests;
				PRODUCT_NAME = "$(TARGET_NAME)";
				SWIFT_VERSION = 5.0;
				TARGETED_DEVICE_FAMILY = "1,2";
				TEST_HOST = "$(BUILT_PRODUCTS_DIR)/GalleryView.app/GalleryView";
			};
			name = Debug;
		};
		8EE68CA223D422920043741D /* Release */ = {
			isa = XCBuildConfiguration;
			baseConfigurationReference = 1F85867C4AF78E305F946EBE /* Pods-GalleryViewTests.release.xcconfig */;
			buildSettings = {
				ALWAYS_EMBED_SWIFT_STANDARD_LIBRARIES = YES;
				BUNDLE_LOADER = "$(TEST_HOST)";
				CODE_SIGN_STYLE = Automatic;
				INFOPLIST_FILE = GalleryViewTests/Info.plist;
				LD_RUNPATH_SEARCH_PATHS = (
					"$(inherited)",
					"@executable_path/Frameworks",
					"@loader_path/Frameworks",
				);
				PRODUCT_BUNDLE_IDENTIFIER = Akash.GalleryViewTests;
				PRODUCT_NAME = "$(TARGET_NAME)";
				SWIFT_VERSION = 5.0;
				TARGETED_DEVICE_FAMILY = "1,2";
				TEST_HOST = "$(BUILT_PRODUCTS_DIR)/GalleryView.app/GalleryView";
			};
			name = Release;
		};
		8EE68CA423D422920043741D /* Debug */ = {
			isa = XCBuildConfiguration;
			baseConfigurationReference = 96542A03AD0CAFD19F2943B4 /* Pods-GalleryViewUITests.debug.xcconfig */;
			buildSettings = {
				ALWAYS_EMBED_SWIFT_STANDARD_LIBRARIES = YES;
				CODE_SIGN_STYLE = Automatic;
				INFOPLIST_FILE = GalleryViewUITests/Info.plist;
				LD_RUNPATH_SEARCH_PATHS = (
					"$(inherited)",
					"@executable_path/Frameworks",
					"@loader_path/Frameworks",
				);
				PRODUCT_BUNDLE_IDENTIFIER = Akash.GalleryViewUITests;
				PRODUCT_NAME = "$(TARGET_NAME)";
				SWIFT_VERSION = 5.0;
				TARGETED_DEVICE_FAMILY = "1,2";
				TEST_TARGET_NAME = GalleryView;
			};
			name = Debug;
		};
		8EE68CA523D422920043741D /* Release */ = {
			isa = XCBuildConfiguration;
			baseConfigurationReference = 840DE4F61F9DDD68AF99EEB2 /* Pods-GalleryViewUITests.release.xcconfig */;
			buildSettings = {
				ALWAYS_EMBED_SWIFT_STANDARD_LIBRARIES = YES;
				CODE_SIGN_STYLE = Automatic;
				INFOPLIST_FILE = GalleryViewUITests/Info.plist;
				LD_RUNPATH_SEARCH_PATHS = (
					"$(inherited)",
					"@executable_path/Frameworks",
					"@loader_path/Frameworks",
				);
				PRODUCT_BUNDLE_IDENTIFIER = Akash.GalleryViewUITests;
				PRODUCT_NAME = "$(TARGET_NAME)";
				SWIFT_VERSION = 5.0;
				TARGETED_DEVICE_FAMILY = "1,2";
				TEST_TARGET_NAME = GalleryView;
			};
			name = Release;
		};
/* End XCBuildConfiguration section */

/* Begin XCConfigurationList section */
		8EE68C7023D422920043741D /* Build configuration list for PBXProject "GalleryView" */ = {
			isa = XCConfigurationList;
			buildConfigurations = (
				8EE68C9B23D422920043741D /* Debug */,
				8EE68C9C23D422920043741D /* Release */,
			);
			defaultConfigurationIsVisible = 0;
			defaultConfigurationName = Release;
		};
		8EE68C9D23D422920043741D /* Build configuration list for PBXNativeTarget "GalleryView" */ = {
			isa = XCConfigurationList;
			buildConfigurations = (
				8EE68C9E23D422920043741D /* Debug */,
				8EE68C9F23D422920043741D /* Release */,
			);
			defaultConfigurationIsVisible = 0;
			defaultConfigurationName = Release;
		};
		8EE68CA023D422920043741D /* Build configuration list for PBXNativeTarget "GalleryViewTests" */ = {
			isa = XCConfigurationList;
			buildConfigurations = (
				8EE68CA123D422920043741D /* Debug */,
				8EE68CA223D422920043741D /* Release */,
			);
			defaultConfigurationIsVisible = 0;
			defaultConfigurationName = Release;
		};
		8EE68CA323D422920043741D /* Build configuration list for PBXNativeTarget "GalleryViewUITests" */ = {
			isa = XCConfigurationList;
			buildConfigurations = (
				8EE68CA423D422920043741D /* Debug */,
				8EE68CA523D422920043741D /* Release */,
			);
			defaultConfigurationIsVisible = 0;
			defaultConfigurationName = Release;
		};
/* End XCConfigurationList section */
	};
	rootObject = 8EE68C6D23D422920043741D /* Project object */;
}
